
Microsoft Visual Studio Solution File, Format Version 12.00
# Visual Studio 15
VisualStudioVersion = 15.0.27703.2035
MinimumVisualStudioVersion = 10.0.40219.1
Project("{FAE04EC0-301F-11D3-BF4B-00C04F79EFBC}") = "MoqDemo-CreditCardsApps", "MoqDemo-CreditCardsApps\MoqDemo-CreditCardsApps.csproj", "{5C0F0F00-02E0-4F46-A237-D14E820A09E5}"
EndProject
Global
	GlobalSection(SolutionConfigurationPlatforms) = preSolution
		Debug|Any CPU = Debug|Any CPU
		Release|Any CPU = Release|Any CPU
	EndGlobalSection
	GlobalSection(ProjectConfigurationPlatforms) = postSolution
		{5C0F0F00-02E0-4F46-A237-D14E820A09E5}.Debug|Any CPU.ActiveCfg = Debug|Any CPU
		{5C0F0F00-02E0-4F46-A237-D14E820A09E5}.Debug|Any CPU.Build.0 = Debug|Any CPU
		{5C0F0F00-02E0-4F46-A237-D14E820A09E5}.Release|Any CPU.ActiveCfg = Release|Any CPU
		{5C0F0F00-02E0-4F46-A237-D14E820A09E5}.Release|Any CPU.Build.0 = Release|Any CPU
	EndGlobalSection
	GlobalSection(SolutionProperties) = preSolution
		HideSolutionNode = FALSE
	EndGlobalSection
	GlobalSection(ExtensibilityGlobals) = postSolution
		SolutionGuid = {3E4E96C1-9E85-4181-AC8C-953F5423E843}
	EndGlobalSection
EndGlobal
